lockfile_version: '1'
generated_at: '2026-08-30T17:55:57.899029+00:00'
apm_version: 0.29.0
dependencies:
- repo_url: microsoft/aspire-skills
  name: aspire
  host: github.com
  resolved_commit: e9725ad3acb28c01c77b4afba7ec87fbfaa7e21a
  resolved_ref: e9725ad3acb28c01c77b4afba7ec87fbfaa7e21a
  version: 0.0.1
  package_type: marketplace_plugin
  deployed_files:
  - .agents/skills/aspire
  - .agents/skills/aspire-deployment
  - .agents/skills/aspire-deployment/SKILL.md
  - .agents/skills/aspire-deployment/evals/eval.yaml
  - .agents/skills/aspire-deployment/references/aws.md
  - .agents/skills/aspire-deployment/references/azure.md
  - .agents/skills/aspire-deployment/references/cicd.md
  - .agents/skills/aspire-deployment/references/docker-compose.md
  - .agents/skills/aspire-deployment/references/github-actions-azure-csharp.yml
  - .agents/skills/aspire-deployment/references/github-actions-azure-typescript.yml
  - .agents/skills/aspire-deployment/references/javascript.md
  - .agents/skills/aspire-deployment/references/kubernetes.md
  - .agents/skills/aspire-deployment/references/preflight.md
  - .agents/skills/aspire-init
  - .agents/skills/aspire-init/SKILL.md
  - .agents/skills/aspire-init/evals/eval.yaml
  - .agents/skills/aspire-init/references/init-workflow.md
  - .agents/skills/aspire-init/references/templates.md
  - .agents/skills/aspire-monitoring
  - .agents/skills/aspire-monitoring/SKILL.md
  - .agents/skills/aspire-monitoring/evals/eval.yaml
  - .agents/skills/aspire-monitoring/references/diagnostics-bridge.md
  - .agents/skills/aspire-monitoring/references/monitoring.md
  - .agents/skills/aspire-monitoring/references/playwright-handoff.md
  - .agents/skills/aspire-orchestration
  - .agents/skills/aspire-orchestration/SKILL.md
  - .agents/skills/aspire-orchestration/evals/eval.yaml
  - .agents/skills/aspire-orchestration/references/agent-workflows.md
  - .agents/skills/aspire-orchestration/references/app-commands.md
  - .agents/skills/aspire-orchestration/references/detection.md
  - .agents/skills/aspire-orchestration/references/resource-management.md
  - .agents/skills/aspire-orchestration/references/safety-guardrails.md
  - .agents/skills/aspire/SKILL.md
  - .agents/skills/aspire/evals/eval.yaml
  - .agents/skills/aspire/references/aspire-13-3-breaking-changes.md
  - .agents/skills/aspireify
  - .agents/skills/aspireify/SKILL.md
  - .agents/skills/aspireify/evals/eval.yaml
  - .agents/skills/aspireify/references/apphost-wiring.md
  - .agents/skills/aspireify/references/csharp-authoring.md
  - .agents/skills/aspireify/references/docker-compose.md
  - .agents/skills/aspireify/references/full-solution-apphosts.md
  - .agents/skills/aspireify/references/javascript-apps.md
  - .agents/skills/aspireify/references/opentelemetry.md
  - .agents/skills/aspireify/references/scan-and-propose.md
  - .agents/skills/aspireify/references/service-defaults.md
  - .agents/skills/aspireify/references/typescript-authoring.md
  - .agents/skills/aspireify/references/validation.md
  - .claude/skills/aspire
  - .claude/skills/aspire-deployment
  - .claude/skills/aspire-deployment/SKILL.md
  - .claude/skills/aspire-deployment/evals/eval.yaml
  - .claude/skills/aspire-deployment/references/aws.md
  - .claude/skills/aspire-deployment/references/azure.md
  - .claude/skills/aspire-deployment/references/cicd.md
  - .claude/skills/aspire-deployment/references/docker-compose.md
  - .claude/skills/aspire-deployment/references/github-actions-azure-csharp.yml
  - .claude/skills/aspire-deployment/references/github-actions-azure-typescript.yml
  - .claude/skills/aspire-deployment/references/javascript.md
  - .claude/skills/aspire-deployment/references/kubernetes.md
  - .claude/skills/aspire-deployment/references/preflight.md
  - .claude/skills/aspire-init
  - .claude/skills/aspire-init/SKILL.md
  - .claude/skills/aspire-init/evals/eval.yaml
  - .claude/skills/aspire-init/references/init-workflow.md
  - .claude/skills/aspire-init/references/templates.md
  - .claude/skills/aspire-monitoring
  - .claude/skills/aspire-monitoring/SKILL.md
  - .claude/skills/aspire-monitoring/evals/eval.yaml
  - .claude/skills/aspire-monitoring/references/diagnostics-bridge.md
  - .claude/skills/aspire-monitoring/references/monitoring.md
  - .claude/skills/aspire-monitoring/references/playwright-handoff.md
  - .claude/skills/aspire-orchestration
  - .claude/skills/aspire-orchestration/SKILL.md
  - .claude/skills/aspire-orchestration/evals/eval.yaml
  - .claude/skills/aspire-orchestration/references/agent-workflows.md
  - .claude/skills/aspire-orchestration/references/app-commands.md
  - .claude/skills/aspire-orchestration/references/detection.md
  - .claude/skills/aspire-orchestration/references/resource-management.md
  - .claude/skills/aspire-orchestration/references/safety-guardrails.md
  - .claude/skills/aspire/SKILL.md
  - .claude/skills/aspire/evals/eval.yaml
  - .claude/skills/aspire/references/aspire-13-3-breaking-changes.md
  - .claude/skills/aspireify
  - .claude/skills/aspireify/SKILL.md
  - .claude/skills/aspireify/evals/eval.yaml
  - .claude/skills/aspireify/references/apphost-wiring.md
  - .claude/skills/aspireify/references/csharp-authoring.md
  - .claude/skills/aspireify/references/docker-compose.md
  - .claude/skills/aspireify/references/full-solution-apphosts.md
  - .claude/skills/aspireify/references/javascript-apps.md
  - .claude/skills/aspireify/references/opentelemetry.md
  - .claude/skills/aspireify/references/scan-and-propose.md
  - .claude/skills/aspireify/references/service-defaults.md
  - .claude/skills/aspireify/references/typescript-authoring.md
  - .claude/skills/aspireify/references/validation.md
  deployed_file_hashes:
    .agents/skills/aspire-deployment/SKILL.md: sha256:70d784758d975b22b942608eace642f7bb3103defbb12643e4d744d0078b52b1
    .agents/skills/aspire-deployment/evals/eval.yaml: sha256:b3e64c8697d152e1fc90f0422accfc661727dd5f4f7f4670e0590ca5657f6567
    .agents/skills/aspire-deployment/references/aws.md: sha256:8ebaf752bd385a3144018708140910f249479697aeeebcf8012dd0d1951c583a
    .agents/skills/aspire-deployment/references/azure.md: sha256:a0d2e661dc19f993bb6695b7fdbb527fb4996651fe9e1209b8f440efe3b0c6b3
    .agents/skills/aspire-deployment/references/cicd.md: sha256:04b0813750583c61f71e950ff51ba72d5eee2dd67d3de78f6050fbb8c2b3a9a2
    .agents/skills/aspire-deployment/references/docker-compose.md: sha256:7e050e319f4adcd43cf0908b858c895f6d5f7086ffeca99cf3077b394a64bbdb
    .agents/skills/aspire-deployment/references/github-actions-azure-csharp.yml: sha256:edd51e0076ba1a0c6d2cbf79e101d0c9b025a43ce2d1ceef0accb68a168bd719
    .agents/skills/aspire-deployment/references/github-actions-azure-typescript.yml: sha256:fd736072eb233ff88f1120f4a49277489a2d9ef69916e7a800813976d8a2ff35
    .agents/skills/aspire-deployment/references/javascript.md: sha256:032832652c021aec9bf8443de8363cb8bcee83d740e4678ab02bcf8c151bbb1e
    .agents/skills/aspire-deployment/references/kubernetes.md: sha256:eb270fd25fc58cc14641107bcca85ef59d01731aec2fcc378573db4d938ed3be
    .agents/skills/aspire-deployment/references/preflight.md: sha256:d744493c6cc5bed4a7499b7ded7e482fa71cfb4eb95b67047cdb3abb5e092df0
    .agents/skills/aspire-init/SKILL.md: sha256:0c1f6584751389d89d478bb942fa4901bc058f4d3d7aa225034c748df2224f9d
    .agents/skills/aspire-init/evals/eval.yaml: sha256:366a9430471763f00be86f3a1ccb03b3eea264525b655c8c4395293a3ceff7e0
    .agents/skills/aspire-init/references/init-workflow.md: sha256:f4bc7e129de2c906dfcedda2925280c186cfdcda07677535da0438503b89dae3
    .agents/skills/aspire-init/references/templates.md: sha256:b6890317230af1553404f73b222da7304a5d1b1b3876484f76981f4695334e8d
    .agents/skills/aspire-monitoring/SKILL.md: sha256:4193793fd0f0ff19effd1dad81129dcb6bfb280f70dc8aae876c08c9435bc362
    .agents/skills/aspire-monitoring/evals/eval.yaml: sha256:38010635bb44f7308f28c42658d3705df9566c6cabaa8718c796fcf4e90b87ef
    .agents/skills/aspire-monitoring/references/diagnostics-bridge.md: sha256:090cfbcb0504c31e4edc15c495bb362b0f945512d4cc9ca623fd2da8e77ccdb7
    .agents/skills/aspire-monitoring/references/monitoring.md: sha256:11878c2a6cf2096474e75222ff46ffcc0c654d630abb44ebd2c720750756d40a
    .agents/skills/aspire-monitoring/references/playwright-handoff.md: sha256:915db809d8b5f5e44ffd5a5e4a2eb18ffb37ff8f4e4a4d496f53146909d54a7d
    .agents/skills/aspire-orchestration/SKILL.md: sha256:4877c5efe96f03f69c2b04f12de36912f2f7af5f73adda2186d070acc941679c
    .agents/skills/aspire-orchestration/evals/eval.yaml: sha256:146b51e1eec37cba71f539e624e873bef2902282c03d3a235543dbe8b678d934
    .agents/skills/aspire-orchestration/references/agent-workflows.md: sha256:9bd6f92a7e716d44c8b18b8e8f0e3447ffc2ade11a75446f19e24c72df8a1af9
    .agents/skills/aspire-orchestration/references/app-commands.md: sha256:f283b6f76da64decf7212d8785dc339990fe69ea6f43e998bba482f696a01299
    .agents/skills/aspire-orchestration/references/detection.md: sha256:fa8d3f4a08e7cbabf07671b35c434fae48dfa2b9fef4180699ed2866f3992898
    .agents/skills/aspire-orchestration/references/resource-management.md: sha256:7a5c24f87ed3140877959526b25caac7d98b556d5544bbb21676a1059bd6e80b
    .agents/skills/aspire-orchestration/references/safety-guardrails.md: sha256:df80fc3efe042e6f2f2b7d7ebe0759fdda5fe566c0ad0fb5dbe7788eea03a0a0
    .agents/skills/aspire/SKILL.md: sha256:87503050c1ba327fa5c23b2299953eaeee13028690b2ca2f6815ba23bd1ae09f
    .agents/skills/aspire/evals/eval.yaml: sha256:2a7b3bdc2a5778583ed59da749ce72ffb3f55122f7d0dd09abd80d015d186f28
    .agents/skills/aspire/references/aspire-13-3-breaking-changes.md: sha256:a8000f1f07a32d234fe2b4e7ee2899985975933277e49c3d24faef4a395ac667
    .agents/skills/aspireify/SKILL.md: sha256:d6b77052eb6a4ada04882d5f0b4f5660376ca7b4c67b3bde8ccaf42f0e0fb7ab
    .agents/skills/aspireify/evals/eval.yaml: sha256:dbd26403ede5bb61f0b7949c21fbdf63031d9211d24f87c67432cbc022b23a75
    .agents/skills/aspireify/references/apphost-wiring.md: sha256:2793e84fe58018f0e36476d69d857fc270556b3738a67bc78c878f3479603407
    .agents/skills/aspireify/references/csharp-authoring.md: sha256:21a49c48f228cd4db7273ad52112c1e79105e20a6e06df81a0ac9446d9fc2e21
    .agents/skills/aspireify/references/docker-compose.md: sha256:79e733a4955610b5d22c774d2d8d1dca7eecc9acb423c91542bb3d83beb34686
    .agents/skills/aspireify/references/full-solution-apphosts.md: sha256:0b48337d70e09d27ae877ac894b901ea57978efb1808e36a2c9b810b47c227e0
    .agents/skills/aspireify/references/javascript-apps.md: sha256:be35f69fc5aae519f5205d2ab6a947bfc9c8e152c2555579a13c1a7198aed757
    .agents/skills/aspireify/references/opentelemetry.md: sha256:b2e596a1caecac9883c7540df6f9a7e017be3c54ce8f0c6572b20d89c4343f80
    .agents/skills/aspireify/references/scan-and-propose.md: sha256:b197bd66cf349710e6cd8d6fb6fa4d0da2e1c065e8a2889a7955d5948ba327e8
    .agents/skills/aspireify/references/service-defaults.md: sha256:2c9e616a02305e06c9e5704615890032c3249bc0ee20772ecba762bf6890c3eb
    .agents/skills/aspireify/references/typescript-authoring.md: sha256:85f97bbeec2b303a1421ec63acff537abfb15140853b759189c5697495393254
    .agents/skills/aspireify/references/validation.md: sha256:f1035d891f022e376b5b61d5f05fddaf9e6d31f698b0cd544493101e882f91f8
    .claude/skills/aspire-deployment/SKILL.md: sha256:70d784758d975b22b942608eace642f7bb3103defbb12643e4d744d0078b52b1
    .claude/skills/aspire-deployment/evals/eval.yaml: sha256:b3e64c8697d152e1fc90f0422accfc661727dd5f4f7f4670e0590ca5657f6567
    .claude/skills/aspire-deployment/references/aws.md: sha256:8ebaf752bd385a3144018708140910f249479697aeeebcf8012dd0d1951c583a
    .claude/skills/aspire-deployment/references/azure.md: sha256:a0d2e661dc19f993bb6695b7fdbb527fb4996651fe9e1209b8f440efe3b0c6b3
    .claude/skills/aspire-deployment/references/cicd.md: sha256:04b0813750583c61f71e950ff51ba72d5eee2dd67d3de78f6050fbb8c2b3a9a2
    .claude/skills/aspire-deployment/references/docker-compose.md: sha256:7e050e319f4adcd43cf0908b858c895f6d5f7086ffeca99cf3077b394a64bbdb
    .claude/skills/aspire-deployment/references/github-actions-azure-csharp.yml: sha256:edd51e0076ba1a0c6d2cbf79e101d0c9b025a43ce2d1ceef0accb68a168bd719
    .claude/skills/aspire-deployment/references/github-actions-azure-typescript.yml: sha256:fd736072eb233ff88f1120f4a49277489a2d9ef69916e7a800813976d8a2ff35
    .claude/skills/aspire-deployment/references/javascript.md: sha256:032832652c021aec9bf8443de8363cb8bcee83d740e4678ab02bcf8c151bbb1e
    .claude/skills/aspire-deployment/references/kubernetes.md: sha256:eb270fd25fc58cc14641107bcca85ef59d01731aec2fcc378573db4d938ed3be
    .claude/skills/aspire-deployment/references/preflight.md: sha256:d744493c6cc5bed4a7499b7ded7e482fa71cfb4eb95b67047cdb3abb5e092df0
    .claude/skills/aspire-init/SKILL.md: sha256:0c1f6584751389d89d478bb942fa4901bc058f4d3d7aa225034c748df2224f9d
    .claude/skills/aspire-init/evals/eval.yaml: sha256:366a9430471763f00be86f3a1ccb03b3eea264525b655c8c4395293a3ceff7e0
    .claude/skills/aspire-init/references/init-workflow.md: sha256:f4bc7e129de2c906dfcedda2925280c186cfdcda07677535da0438503b89dae3
    .claude/skills/aspire-init/references/templates.md: sha256:b6890317230af1553404f73b222da7304a5d1b1b3876484f76981f4695334e8d
    .claude/skills/aspire-monitoring/SKILL.md: sha256:4193793fd0f0ff19effd1dad81129dcb6bfb280f70dc8aae876c08c9435bc362
    .claude/skills/aspire-monitoring/evals/eval.yaml: sha256:38010635bb44f7308f28c42658d3705df9566c6cabaa8718c796fcf4e90b87ef
    .claude/skills/aspire-monitoring/references/diagnostics-bridge.md: sha256:090cfbcb0504c31e4edc15c495bb362b0f945512d4cc9ca623fd2da8e77ccdb7
    .claude/skills/aspire-monitoring/references/monitoring.md: sha256:11878c2a6cf2096474e75222ff46ffcc0c654d630abb44ebd2c720750756d40a
    .claude/skills/aspire-monitoring/references/playwright-handoff.md: sha256:915db809d8b5f5e44ffd5a5e4a2eb18ffb37ff8f4e4a4d496f53146909d54a7d
    .claude/skills/aspire-orchestration/SKILL.md: sha256:4877c5efe96f03f69c2b04f12de36912f2f7af5f73adda2186d070acc941679c
    .claude/skills/aspire-orchestration/evals/eval.yaml: sha256:146b51e1eec37cba71f539e624e873bef2902282c03d3a235543dbe8b678d934
    .claude/skills/aspire-orchestration/references/agent-workflows.md: sha256:9bd6f92a7e716d44c8b18b8e8f0e3447ffc2ade11a75446f19e24c72df8a1af9
    .claude/skills/aspire-orchestration/references/app-commands.md: sha256:f283b6f76da64decf7212d8785dc339990fe69ea6f43e998bba482f696a01299
    .claude/skills/aspire-orchestration/references/detection.md: sha256:fa8d3f4a08e7cbabf07671b35c434fae48dfa2b9fef4180699ed2866f3992898
    .claude/skills/aspire-orchestration/references/resource-management.md: sha256:7a5c24f87ed3140877959526b25caac7d98b556d5544bbb21676a1059bd6e80b
    .claude/skills/aspire-orchestration/references/safety-guardrails.md: sha256:df80fc3efe042e6f2f2b7d7ebe0759fdda5fe566c0ad0fb5dbe7788eea03a0a0
    .claude/skills/aspire/SKILL.md: sha256:87503050c1ba327fa5c23b2299953eaeee13028690b2ca2f6815ba23bd1ae09f
    .claude/skills/aspire/evals/eval.yaml: sha256:2a7b3bdc2a5778583ed59da749ce72ffb3f55122f7d0dd09abd80d015d186f28
    .claude/skills/aspire/references/aspire-13-3-breaking-changes.md: sha256:a8000f1f07a32d234fe2b4e7ee2899985975933277e49c3d24faef4a395ac667
    .claude/skills/aspireify/SKILL.md: sha256:d6b77052eb6a4ada04882d5f0b4f5660376ca7b4c67b3bde8ccaf42f0e0fb7ab
    .claude/skills/aspireify/evals/eval.yaml: sha256:dbd26403ede5bb61f0b7949c21fbdf63031d9211d24f87c67432cbc022b23a75
    .claude/skills/aspireify/references/apphost-wiring.md: sha256:2793e84fe58018f0e36476d69d857fc270556b3738a67bc78c878f3479603407
    .claude/skills/aspireify/references/csharp-authoring.md: sha256:21a49c48f228cd4db7273ad52112c1e79105e20a6e06df81a0ac9446d9fc2e21
    .claude/skills/aspireify/references/docker-compose.md: sha256:79e733a4955610b5d22c774d2d8d1dca7eecc9acb423c91542bb3d83beb34686
    .claude/skills/aspireify/references/full-solution-apphosts.md: sha256:0b48337d70e09d27ae877ac894b901ea57978efb1808e36a2c9b810b47c227e0
    .claude/skills/aspireify/references/javascript-apps.md: sha256:be35f69fc5aae519f5205d2ab6a947bfc9c8e152c2555579a13c1a7198aed757
    .claude/skills/aspireify/references/opentelemetry.md: sha256:b2e596a1caecac9883c7540df6f9a7e017be3c54ce8f0c6572b20d89c4343f80
    .claude/skills/aspireify/references/scan-and-propose.md: sha256:b197bd66cf349710e6cd8d6fb6fa4d0da2e1c065e8a2889a7955d5948ba327e8
    .claude/skills/aspireify/references/service-defaults.md: sha256:2c9e616a02305e06c9e5704615890032c3249bc0ee20772ecba762bf6890c3eb
    .claude/skills/aspireify/references/typescript-authoring.md: sha256:85f97bbeec2b303a1421ec63acff537abfb15140853b759189c5697495393254
    .claude/skills/aspireify/references/validation.md: sha256:f1035d891f022e376b5b61d5f05fddaf9e6d31f698b0cd544493101e882f91f8
  content_hash: sha256:b79099ce96170f8e809803e1447922b8c5da203cc71cc98ef01551ec11aeead5
  declared_license: MIT
deployments:
- kind: project-relative
  target: claude
  value: .claude/skills/aspire
  runtime: null
  scope: project
  owners:
  - microsoft/aspire-skills
  active_owner: microsoft/aspire-skills
  content_hash: null
- kind: project-relative
  target: claude
  value: .claude/skills/aspire-deployment
  runtime: null
  scope: project
  owners:
  - microsoft/aspire-skills
  active_owner: microsoft/aspire-skills
  content_hash: null
- kind: project-relative
  target: claude
  value: .claude/skills/aspire-deployment/SKILL.md
  runtime: null
  scope: project
  owners:
  - microsoft/aspire-skills
  active_owner: microsoft/aspire-skills
  content_hash: sha256:70d784758d975b22b942608eace642f7bb3103defbb12643e4d744d0078b52b1
- kind: project-relative
  target: claude
  value: .claude/skills/aspire-deployment/evals/eval.yaml
  runtime: null
  scope: project
  owners:
  - microsoft/aspire-skills
  active_owner: microsoft/aspire-skills
  content_hash: sha256:b3e64c8697d152e1fc90f0422accfc661727dd5f4f7f4670e0590ca5657f6567
- kind: project-relative
  target: claude
  value: .claude/skills/aspire-deployment/references/aws.md
  runtime: null
  scope: project
  owners:
  - microsoft/aspire-skills
  active_owner: microsoft/aspire-skills
  content_hash: sha256:8ebaf752bd385a3144018708140910f249479697aeeebcf8012dd0d1951c583a
- kind: project-relative
  target: claude
  value: .claude/skills/aspire-deployment/references/azure.md
  runtime: null
  scope: project
  owners:
  - microsoft/aspire-skills
  active_owner: microsoft/aspire-skills
  content_hash: sha256:a0d2e661dc19f993bb6695b7fdbb527fb4996651fe9e1209b8f440efe3b0c6b3
- kind: project-relative
  target: claude
  value: .claude/skills/aspire-deployment/references/cicd.md
  runtime: null
  scope: project
  owners:
  - microsoft/aspire-skills
  active_owner: microsoft/aspire-skills
  content_hash: sha256:04b0813750583c61f71e950ff51ba72d5eee2dd67d3de78f6050fbb8c2b3a9a2
- kind: project-relative
  target: claude
  value: .claude/skills/aspire-deployment/references/docker-compose.md
  runtime: null
  scope: project
  owners:
  - microsoft/aspire-skills
  active_owner: microsoft/aspire-skills
  content_hash: sha256:7e050e319f4adcd43cf0908b858c895f6d5f7086ffeca99cf3077b394a64bbdb
- kind: project-relative
  target: claude
  value: .claude/skills/aspire-deployment/references/github-actions-azure-csharp.yml
  runtime: null
  scope: project
  owners:
  - microsoft/aspire-skills
  active_owner: microsoft/aspire-skills
  content_hash: sha256:edd51e0076ba1a0c6d2cbf79e101d0c9b025a43ce2d1ceef0accb68a168bd719
- kind: project-relative
  target: claude
  value: .claude/skills/aspire-deployment/references/github-actions-azure-typescript.yml
  runtime: null
  scope: project
  owners:
  - microsoft/aspire-skills
  active_owner: microsoft/aspire-skills
  content_hash: sha256:fd736072eb233ff88f1120f4a49277489a2d9ef69916e7a800813976d8a2ff35
- kind: project-relative
  target: claude
  value: .claude/skills/aspire-deployment/references/javascript.md
  runtime: null
  scope: project
  owners:
  - microsoft/aspire-skills
  active_owner: microsoft/aspire-skills
  content_hash: sha256:032832652c021aec9bf8443de8363cb8bcee83d740e4678ab02bcf8c151bbb1e
- kind: project-relative
  target: claude
  value: .claude/skills/aspire-deployment/references/kubernetes.md
  runtime: null
  scope: project
  owners:
  - microsoft/aspire-skills
  active_owner: microsoft/aspire-skills
  content_hash: sha256:eb270fd25fc58cc14641107bcca85ef59d01731aec2fcc378573db4d938ed3be
- kind: project-relative
  target: claude
  value: .claude/skills/aspire-deployment/references/preflight.md
  runtime: null
  scope: project
  owners:
  - microsoft/aspire-skills
  active_owner: microsoft/aspire-skills
  content_hash: sha256:d744493c6cc5bed4a7499b7ded7e482fa71cfb4eb95b67047cdb3abb5e092df0
- kind: project-relative
  target: claude
  value: .claude/skills/aspire-init
  runtime: null
  scope: project
  owners:
  - microsoft/aspire-skills
  active_owner: microsoft/aspire-skills
  content_hash: null
- kind: project-relative
  target: claude
  value: .claude/skills/aspire-init/SKILL.md
  runtime: null
  scope: project
  owners:
  - microsoft/aspire-skills
  active_owner: microsoft/aspire-skills
  content_hash: sha256:0c1f6584751389d89d478bb942fa4901bc058f4d3d7aa225034c748df2224f9d
- kind: project-relative
  target: claude
  value: .claude/skills/aspire-init/evals/eval.yaml
  runtime: null
  scope: project
  owners:
  - microsoft/aspire-skills
  active_owner: microsoft/aspire-skills
  content_hash: sha256:366a9430471763f00be86f3a1ccb03b3eea264525b655c8c4395293a3ceff7e0
- kind: project-relative
  target: claude
  value: .claude/skills/aspire-init/references/init-workflow.md
  runtime: null
  scope: project
  owners:
  - microsoft/aspire-skills
  active_owner: microsoft/aspire-skills
  content_hash: sha256:f4bc7e129de2c906dfcedda2925280c186cfdcda07677535da0438503b89dae3
- kind: project-relative
  target: claude
  value: .claude/skills/aspire-init/references/templates.md
  runtime: null
  scope: project
  owners:
  - microsoft/aspire-skills
  active_owner: microsoft/aspire-skills
  content_hash: sha256:b6890317230af1553404f73b222da7304a5d1b1b3876484f76981f4695334e8d
- kind: project-relative
  target: claude
  value: .claude/skills/aspire-monitoring
  runtime: null
  scope: project
  owners:
  - microsoft/aspire-skills
  active_owner: microsoft/aspire-skills
  content_hash: null
- kind: project-relative
  target: claude
  value: .claude/skills/aspire-monitoring/SKILL.md
  runtime: null
  scope: project
  owners:
  - microsoft/aspire-skills
  active_owner: microsoft/aspire-skills
  content_hash: sha256:4193793fd0f0ff19effd1dad81129dcb6bfb280f70dc8aae876c08c9435bc362
- kind: project-relative
  target: claude
  value: .claude/skills/aspire-monitoring/evals/eval.yaml
  runtime: null
  scope: project
  owners:
  - microsoft/aspire-skills
  active_owner: microsoft/aspire-skills
  content_hash: sha256:38010635bb44f7308f28c42658d3705df9566c6cabaa8718c796fcf4e90b87ef
- kind: project-relative
  target: claude
  value: .claude/skills/aspire-monitoring/references/diagnostics-bridge.md
  runtime: null
  scope: project
  owners:
  - microsoft/aspire-skills
  active_owner: microsoft/aspire-skills
  content_hash: sha256:090cfbcb0504c31e4edc15c495bb362b0f945512d4cc9ca623fd2da8e77ccdb7
- kind: project-relative
  target: claude
  value: .claude/skills/aspire-monitoring/references/monitoring.md
  runtime: null
  scope: project
  owners:
  - microsoft/aspire-skills
  active_owner: microsoft/aspire-skills
  content_hash: sha256:11878c2a6cf2096474e75222ff46ffcc0c654d630abb44ebd2c720750756d40a
- kind: project-relative
  target: claude
  value: .claude/skills/aspire-monitoring/references/playwright-handoff.md
  runtime: null
  scope: project
  owners:
  - microsoft/aspire-skills
  active_owner: microsoft/aspire-skills
  content_hash: sha256:915db809d8b5f5e44ffd5a5e4a2eb18ffb37ff8f4e4a4d496f53146909d54a7d
- kind: project-relative
  target: claude
  value: .claude/skills/aspire-orchestration
  runtime: null
  scope: project
  owners:
  - microsoft/aspire-skills
  active_owner: microsoft/aspire-skills
  content_hash: null
- kind: project-relative
  target: claude
  value: .claude/skills/aspire-orchestration/SKILL.md
  runtime: null
  scope: project
  owners:
  - microsoft/aspire-skills
  active_owner: microsoft/aspire-skills
  content_hash: sha256:4877c5efe96f03f69c2b04f12de36912f2f7af5f73adda2186d070acc941679c
- kind: project-relative
  target: claude
  value: .claude/skills/aspire-orchestration/evals/eval.yaml
  runtime: null
  scope: project
  owners:
  - microsoft/aspire-skills
  active_owner: microsoft/aspire-skills
  content_hash: sha256:146b51e1eec37cba71f539e624e873bef2902282c03d3a235543dbe8b678d934
- kind: project-relative
  target: claude
  value: .claude/skills/aspire-orchestration/references/agent-workflows.md
  runtime: null
  scope: project
  owners:
  - microsoft/aspire-skills
  active_owner: microsoft/aspire-skills
  content_hash: sha256:9bd6f92a7e716d44c8b18b8e8f0e3447ffc2ade11a75446f19e24c72df8a1af9
- kind: project-relative
  target: claude
  value: .claude/skills/aspire-orchestration/references/app-commands.md
  runtime: null
  scope: project
  owners:
  - microsoft/aspire-skills
  active_owner: microsoft/aspire-skills
  content_hash: sha256:f283b6f76da64decf7212d8785dc339990fe69ea6f43e998bba482f696a01299
- kind: project-relative
  target: claude
  value: .claude/skills/aspire-orchestration/references/detection.md
  runtime: null
  scope: project
  owners:
  - microsoft/aspire-skills
  active_owner: microsoft/aspire-skills
  content_hash: sha256:fa8d3f4a08e7cbabf07671b35c434fae48dfa2b9fef4180699ed2866f3992898
- kind: project-relative
  target: claude
  value: .claude/skills/aspire-orchestration/references/resource-management.md
  runtime: null
  scope: project
  owners:
  - microsoft/aspire-skills
  active_owner: microsoft/aspire-skills
  content_hash: sha256:7a5c24f87ed3140877959526b25caac7d98b556d5544bbb21676a1059bd6e80b
- kind: project-relative
  target: claude
  value: .claude/skills/aspire-orchestration/references/safety-guardrails.md
  runtime: null
  scope: project
  owners:
  - microsoft/aspire-skills
  active_owner: microsoft/aspire-skills
  content_hash: sha256:df80fc3efe042e6f2f2b7d7ebe0759fdda5fe566c0ad0fb5dbe7788eea03a0a0
- kind: project-relative
  target: claude
  value: .claude/skills/aspire/SKILL.md
  runtime: null
  scope: project
  owners:
  - microsoft/aspire-skills
  active_owner: microsoft/aspire-skills
  content_hash: sha256:87503050c1ba327fa5c23b2299953eaeee13028690b2ca2f6815ba23bd1ae09f
- kind: project-relative
  target: claude
  value: .claude/skills/aspire/evals/eval.yaml
  runtime: null
  scope: project
  owners:
  - microsoft/aspire-skills
  active_owner: microsoft/aspire-skills
  content_hash: sha256:2a7b3bdc2a5778583ed59da749ce72ffb3f55122f7d0dd09abd80d015d186f28
- kind: project-relative
  target: claude
  value: .claude/skills/aspire/references/aspire-13-3-breaking-changes.md
  runtime: null
  scope: project
  owners:
  - microsoft/aspire-skills
  active_owner: microsoft/aspire-skills
  content_hash: sha256:a8000f1f07a32d234fe2b4e7ee2899985975933277e49c3d24faef4a395ac667
- kind: project-relative
  target: claude
  value: .claude/skills/aspireify
  runtime: null
  scope: project
  owners:
  - microsoft/aspire-skills
  active_owner: microsoft/aspire-skills
  content_hash: null
- kind: project-relative
  target: claude
  value: .claude/skills/aspireify/SKILL.md
  runtime: null
  scope: project
  owners:
  - microsoft/aspire-skills
  active_owner: microsoft/aspire-skills
  content_hash: sha256:d6b77052eb6a4ada04882d5f0b4f5660376ca7b4c67b3bde8ccaf42f0e0fb7ab
- kind: project-relative
  target: claude
  value: .claude/skills/aspireify/evals/eval.yaml
  runtime: null
  scope: project
  owners:
  - microsoft/aspire-skills
  active_owner: microsoft/aspire-skills
  content_hash: sha256:dbd26403ede5bb61f0b7949c21fbdf63031d9211d24f87c67432cbc022b23a75
- kind: project-relative
  target: claude
  value: .claude/skills/aspireify/references/apphost-wiring.md
  runtime: null
  scope: project
  owners:
  - microsoft/aspire-skills
  active_owner: microsoft/aspire-skills
  content_hash: sha256:2793e84fe58018f0e36476d69d857fc270556b3738a67bc78c878f3479603407
- kind: project-relative
  target: claude
  value: .claude/skills/aspireify/references/csharp-authoring.md
  runtime: null
  scope: project
  owners:
  - microsoft/aspire-skills
  active_owner: microsoft/aspire-skills
  content_hash: sha256:21a49c48f228cd4db7273ad52112c1e79105e20a6e06df81a0ac9446d9fc2e21
- kind: project-relative
  target: claude
  value: .claude/skills/aspireify/references/docker-compose.md
  runtime: null
  scope: project
  owners:
  - microsoft/aspire-skills
  active_owner: microsoft/aspire-skills
  content_hash: sha256:79e733a4955610b5d22c774d2d8d1dca7eecc9acb423c91542bb3d83beb34686
- kind: project-relative
  target: claude
  value: .claude/skills/aspireify/references/full-solution-apphosts.md
  runtime: null
  scope: project
  owners:
  - microsoft/aspire-skills
  active_owner: microsoft/aspire-skills
  content_hash: sha256:0b48337d70e09d27ae877ac894b901ea57978efb1808e36a2c9b810b47c227e0
- kind: project-relative
  target: claude
  value: .claude/skills/aspireify/references/javascript-apps.md
  runtime: null
  scope: project
  owners:
  - microsoft/aspire-skills
  active_owner: microsoft/aspire-skills
  content_hash: sha256:be35f69fc5aae519f5205d2ab6a947bfc9c8e152c2555579a13c1a7198aed757
- kind: project-relative
  target: claude
  value: .claude/skills/aspireify/references/opentelemetry.md
  runtime: null
  scope: project
  owners:
  - microsoft/aspire-skills
  active_owner: microsoft/aspire-skills
  content_hash: sha256:b2e596a1caecac9883c7540df6f9a7e017be3c54ce8f0c6572b20d89c4343f80
- kind: project-relative
  target: claude
  value: .claude/skills/aspireify/references/scan-and-propose.md
  runtime: null
  scope: project
  owners:
  - microsoft/aspire-skills
  active_owner: microsoft/aspire-skills
  content_hash: sha256:b197bd66cf349710e6cd8d6fb6fa4d0da2e1c065e8a2889a7955d5948ba327e8
- kind: project-relative
  target: claude
  value: .claude/skills/aspireify/references/service-defaults.md
  runtime: null
  scope: project
  owners:
  - microsoft/aspire-skills
  active_owner: microsoft/aspire-skills
  content_hash: sha256:2c9e616a02305e06c9e5704615890032c3249bc0ee20772ecba762bf6890c3eb
- kind: project-relative
  target: claude
  value: .claude/skills/aspireify/references/typescript-authoring.md
  runtime: null
  scope: project
  owners:
  - microsoft/aspire-skills
  active_owner: microsoft/aspire-skills
  content_hash: sha256:85f97bbeec2b303a1421ec63acff537abfb15140853b759189c5697495393254
- kind: project-relative
  target: claude
  value: .claude/skills/aspireify/references/validation.md
  runtime: null
  scope: project
  owners:
  - microsoft/aspire-skills
  active_owner: microsoft/aspire-skills
  content_hash: sha256:f1035d891f022e376b5b61d5f05fddaf9e6d31f698b0cd544493101e882f91f8
- kind: project-relative
  target: codex
  value: .agents/skills/aspire
  runtime: null
  scope: project
  owners:
  - microsoft/aspire-skills
  active_owner: microsoft/aspire-skills
  content_hash: null
- kind: project-relative
  target: codex
  value: .agents/skills/aspire-deployment
  runtime: null
  scope: project
  owners:
  - microsoft/aspire-skills
  active_owner: microsoft/aspire-skills
  content_hash: null
- kind: project-relative
  target: codex
  value: .agents/skills/aspire-deployment/SKILL.md
  runtime: null
  scope: project
  owners:
  - microsoft/aspire-skills
  active_owner: microsoft/aspire-skills
  content_hash: sha256:70d784758d975b22b942608eace642f7bb3103defbb12643e4d744d0078b52b1
- kind: project-relative
  target: codex
  value: .agents/skills/aspire-deployment/evals/eval.yaml
  runtime: null
  scope: project
  owners:
  - microsoft/aspire-skills
  active_owner: microsoft/aspire-skills
  content_hash: sha256:b3e64c8697d152e1fc90f0422accfc661727dd5f4f7f4670e0590ca5657f6567
- kind: project-relative
  target: codex
  value: .agents/skills/aspire-deployment/references/aws.md
  runtime: null
  scope: project
  owners:
  - microsoft/aspire-skills
  active_owner: microsoft/aspire-skills
  content_hash: sha256:8ebaf752bd385a3144018708140910f249479697aeeebcf8012dd0d1951c583a
- kind: project-relative
  target: codex
  value: .agents/skills/aspire-deployment/references/azure.md
  runtime: null
  scope: project
  owners:
  - microsoft/aspire-skills
  active_owner: microsoft/aspire-skills
  content_hash: sha256:a0d2e661dc19f993bb6695b7fdbb527fb4996651fe9e1209b8f440efe3b0c6b3
- kind: project-relative
  target: codex
  value: .agents/skills/aspire-deployment/references/cicd.md
  runtime: null
  scope: project
  owners:
  - microsoft/aspire-skills
  active_owner: microsoft/aspire-skills
  content_hash: sha256:04b0813750583c61f71e950ff51ba72d5eee2dd67d3de78f6050fbb8c2b3a9a2
- kind: project-relative
  target: codex
  value: .agents/skills/aspire-deployment/references/docker-compose.md
  runtime: null
  scope: project
  owners:
  - microsoft/aspire-skills
  active_owner: microsoft/aspire-skills
  content_hash: sha256:7e050e319f4adcd43cf0908b858c895f6d5f7086ffeca99cf3077b394a64bbdb
- kind: project-relative
  target: codex
  value: .agents/skills/aspire-deployment/references/github-actions-azure-csharp.yml
  runtime: null
  scope: project
  owners:
  - microsoft/aspire-skills
  active_owner: microsoft/aspire-skills
  content_hash: sha256:edd51e0076ba1a0c6d2cbf79e101d0c9b025a43ce2d1ceef0accb68a168bd719
- kind: project-relative
  target: codex
  value: .agents/skills/aspire-deployment/references/github-actions-azure-typescript.yml
  runtime: null
  scope: project
  owners:
  - microsoft/aspire-skills
  active_owner: microsoft/aspire-skills
  content_hash: sha256:fd736072eb233ff88f1120f4a49277489a2d9ef69916e7a800813976d8a2ff35
- kind: project-relative
  target: codex
  value: .agents/skills/aspire-deployment/references/javascript.md
  runtime: null
  scope: project
  owners:
  - microsoft/aspire-skills
  active_owner: microsoft/aspire-skills
  content_hash: sha256:032832652c021aec9bf8443de8363cb8bcee83d740e4678ab02bcf8c151bbb1e
- kind: project-relative
  target: codex
  value: .agents/skills/aspire-deployment/references/kubernetes.md
  runtime: null
  scope: project
  owners:
  - microsoft/aspire-skills
  active_owner: microsoft/aspire-skills
  content_hash: sha256:eb270fd25fc58cc14641107bcca85ef59d01731aec2fcc378573db4d938ed3be
- kind: project-relative
  target: codex
  value: .agents/skills/aspire-deployment/references/preflight.md
  runtime: null
  scope: project
  owners:
  - microsoft/aspire-skills
  active_owner: microsoft/aspire-skills
  content_hash: sha256:d744493c6cc5bed4a7499b7ded7e482fa71cfb4eb95b67047cdb3abb5e092df0
- kind: project-relative
  target: codex
  value: .agents/skills/aspire-init
  runtime: null
  scope: project
  owners:
  - microsoft/aspire-skills
  active_owner: microsoft/aspire-skills
  content_hash: null
- kind: project-relative
  target: codex
  value: .agents/skills/aspire-init/SKILL.md
  runtime: null
  scope: project
  owners:
  - microsoft/aspire-skills
  active_owner: microsoft/aspire-skills
  content_hash: sha256:0c1f6584751389d89d478bb942fa4901bc058f4d3d7aa225034c748df2224f9d
- kind: project-relative
  target: codex
  value: .agents/skills/aspire-init/evals/eval.yaml
  runtime: null
  scope: project
  owners:
  - microsoft/aspire-skills
  active_owner: microsoft/aspire-skills
  content_hash: sha256:366a9430471763f00be86f3a1ccb03b3eea264525b655c8c4395293a3ceff7e0
- kind: project-relative
  target: codex
  value: .agents/skills/aspire-init/references/init-workflow.md
  runtime: null
  scope: project
  owners:
  - microsoft/aspire-skills
  active_owner: microsoft/aspire-skills
  content_hash: sha256:f4bc7e129de2c906dfcedda2925280c186cfdcda07677535da0438503b89dae3
- kind: project-relative
  target: codex
  value: .agents/skills/aspire-init/references/templates.md
  runtime: null
  scope: project
  owners:
  - microsoft/aspire-skills
  active_owner: microsoft/aspire-skills
  content_hash: sha256:b6890317230af1553404f73b222da7304a5d1b1b3876484f76981f4695334e8d
- kind: project-relative
  target: codex
  value: .agents/skills/aspire-monitoring
  runtime: null
  scope: project
  owners:
  - microsoft/aspire-skills
  active_owner: microsoft/aspire-skills
  content_hash: null
- kind: project-relative
  target: codex
  value: .agents/skills/aspire-monitoring/SKILL.md
  runtime: null
  scope: project
  owners:
  - microsoft/aspire-skills
  active_owner: microsoft/aspire-skills
  content_hash: sha256:4193793fd0f0ff19effd1dad81129dcb6bfb280f70dc8aae876c08c9435bc362
- kind: project-relative
  target: codex
  value: .agents/skills/aspire-monitoring/evals/eval.yaml
  runtime: null
  scope: project
  owners:
  - microsoft/aspire-skills
  active_owner: microsoft/aspire-skills
  content_hash: sha256:38010635bb44f7308f28c42658d3705df9566c6cabaa8718c796fcf4e90b87ef
- kind: project-relative
  target: codex
  value: .agents/skills/aspire-monitoring/references/diagnostics-bridge.md
  runtime: null
  scope: project
  owners:
  - microsoft/aspire-skills
  active_owner: microsoft/aspire-skills
  content_hash: sha256:090cfbcb0504c31e4edc15c495bb362b0f945512d4cc9ca623fd2da8e77ccdb7
- kind: project-relative
  target: codex
  value: .agents/skills/aspire-monitoring/references/monitoring.md
  runtime: null
  scope: project
  owners:
  - microsoft/aspire-skills
  active_owner: microsoft/aspire-skills
  content_hash: sha256:11878c2a6cf2096474e75222ff46ffcc0c654d630abb44ebd2c720750756d40a
- kind: project-relative
  target: codex
  value: .agents/skills/aspire-monitoring/references/playwright-handoff.md
  runtime: null
  scope: project
  owners:
  - microsoft/aspire-skills
  active_owner: microsoft/aspire-skills
  content_hash: sha256:915db809d8b5f5e44ffd5a5e4a2eb18ffb37ff8f4e4a4d496f53146909d54a7d
- kind: project-relative
  target: codex
  value: .agents/skills/aspire-orchestration
  runtime: null
  scope: project
  owners:
  - microsoft/aspire-skills
  active_owner: microsoft/aspire-skills
  content_hash: null
- kind: project-relative
  target: codex
  value: .agents/skills/aspire-orchestration/SKILL.md
  runtime: null
  scope: project
  owners:
  - microsoft/aspire-skills
  active_owner: microsoft/aspire-skills
  content_hash: sha256:4877c5efe96f03f69c2b04f12de36912f2f7af5f73adda2186d070acc941679c
- kind: project-relative
  target: codex
  value: .agents/skills/aspire-orchestration/evals/eval.yaml
  runtime: null
  scope: project
  owners:
  - microsoft/aspire-skills
  active_owner: microsoft/aspire-skills
  content_hash: sha256:146b51e1eec37cba71f539e624e873bef2902282c03d3a235543dbe8b678d934
- kind: project-relative
  target: codex
  value: .agents/skills/aspire-orchestration/references/agent-workflows.md
  runtime: null
  scope: project
  owners:
  - microsoft/aspire-skills
  active_owner: microsoft/aspire-skills
  content_hash: sha256:9bd6f92a7e716d44c8b18b8e8f0e3447ffc2ade11a75446f19e24c72df8a1af9
- kind: project-relative
  target: codex
  value: .agents/skills/aspire-orchestration/references/app-commands.md
  runtime: null
  scope: project
  owners:
  - microsoft/aspire-skills
  active_owner: microsoft/aspire-skills
  content_hash: sha256:f283b6f76da64decf7212d8785dc339990fe69ea6f43e998bba482f696a01299
- kind: project-relative
  target: codex
  value: .agents/skills/aspire-orchestration/references/detection.md
  runtime: null
  scope: project
  owners:
  - microsoft/aspire-skills
  active_owner: microsoft/aspire-skills
  content_hash: sha256:fa8d3f4a08e7cbabf07671b35c434fae48dfa2b9fef4180699ed2866f3992898
- kind: project-relative
  target: codex
  value: .agents/skills/aspire-orchestration/references/resource-management.md
  runtime: null
  scope: project
  owners:
  - microsoft/aspire-skills
  active_owner: microsoft/aspire-skills
  content_hash: sha256:7a5c24f87ed3140877959526b25caac7d98b556d5544bbb21676a1059bd6e80b
- kind: project-relative
  target: codex
  value: .agents/skills/aspire-orchestration/references/safety-guardrails.md
  runtime: null
  scope: project
  owners:
  - microsoft/aspire-skills
  active_owner: microsoft/aspire-skills
  content_hash: sha256:df80fc3efe042e6f2f2b7d7ebe0759fdda5fe566c0ad0fb5dbe7788eea03a0a0
- kind: project-relative
  target: codex
  value: .agents/skills/aspire/SKILL.md
  runtime: null
  scope: project
  owners:
  - microsoft/aspire-skills
  active_owner: microsoft/aspire-skills
  content_hash: sha256:87503050c1ba327fa5c23b2299953eaeee13028690b2ca2f6815ba23bd1ae09f
- kind: project-relative
  target: codex
  value: .agents/skills/aspire/evals/eval.yaml
  runtime: null
  scope: project
  owners:
  - microsoft/aspire-skills
  active_owner: microsoft/aspire-skills
  content_hash: sha256:2a7b3bdc2a5778583ed59da749ce72ffb3f55122f7d0dd09abd80d015d186f28
- kind: project-relative
  target: codex
  value: .agents/skills/aspire/references/aspire-13-3-breaking-changes.md
  runtime: null
  scope: project
  owners:
  - microsoft/aspire-skills
  active_owner: microsoft/aspire-skills
  content_hash: sha256:a8000f1f07a32d234fe2b4e7ee2899985975933277e49c3d24faef4a395ac667
- kind: project-relative
  target: codex
  value: .agents/skills/aspireify
  runtime: null
  scope: project
  owners:
  - microsoft/aspire-skills
  active_owner: microsoft/aspire-skills
  content_hash: null
- kind: project-relative
  target: codex
  value: .agents/skills/aspireify/SKILL.md
  runtime: null
  scope: project
  owners:
  - microsoft/aspire-skills
  active_owner: microsoft/aspire-skills
  content_hash: sha256:d6b77052eb6a4ada04882d5f0b4f5660376ca7b4c67b3bde8ccaf42f0e0fb7ab
- kind: project-relative
  target: codex
  value: .agents/skills/aspireify/evals/eval.yaml
  runtime: null
  scope: project
  owners:
  - microsoft/aspire-skills
  active_owner: microsoft/aspire-skills
  content_hash: sha256:dbd26403ede5bb61f0b7949c21fbdf63031d9211d24f87c67432cbc022b23a75
- kind: project-relative
  target: codex
  value: .agents/skills/aspireify/references/apphost-wiring.md
  runtime: null
  scope: project
  owners:
  - microsoft/aspire-skills
  active_owner: microsoft/aspire-skills
  content_hash: sha256:2793e84fe58018f0e36476d69d857fc270556b3738a67bc78c878f3479603407
- kind: project-relative
  target: codex
  value: .agents/skills/aspireify/references/csharp-authoring.md
  runtime: null
  scope: project
  owners:
  - microsoft/aspire-skills
  active_owner: microsoft/aspire-skills
  content_hash: sha256:21a49c48f228cd4db7273ad52112c1e79105e20a6e06df81a0ac9446d9fc2e21
- kind: project-relative
  target: codex
  value: .agents/skills/aspireify/references/docker-compose.md
  runtime: null
  scope: project
  owners:
  - microsoft/aspire-skills
  active_owner: microsoft/aspire-skills
  content_hash: sha256:79e733a4955610b5d22c774d2d8d1dca7eecc9acb423c91542bb3d83beb34686
- kind: project-relative
  target: codex
  value: .agents/skills/aspireify/references/full-solution-apphosts.md
  runtime: null
  scope: project
  owners:
  - microsoft/aspire-skills
  active_owner: microsoft/aspire-skills
  content_hash: sha256:0b48337d70e09d27ae877ac894b901ea57978efb1808e36a2c9b810b47c227e0
- kind: project-relative
  target: codex
  value: .agents/skills/aspireify/references/javascript-apps.md
  runtime: null
  scope: project
  owners:
  - microsoft/aspire-skills
  active_owner: microsoft/aspire-skills
  content_hash: sha256:be35f69fc5aae519f5205d2ab6a947bfc9c8e152c2555579a13c1a7198aed757
- kind: project-relative
  target: codex
  value: .agents/skills/aspireify/references/opentelemetry.md
  runtime: null
  scope: project
  owners:
  - microsoft/aspire-skills
  active_owner: microsoft/aspire-skills
  content_hash: sha256:b2e596a1caecac9883c7540df6f9a7e017be3c54ce8f0c6572b20d89c4343f80
- kind: project-relative
  target: codex
  value: .agents/skills/aspireify/references/scan-and-propose.md
  runtime: null
  scope: project
  owners:
  - microsoft/aspire-skills
  active_owner: microsoft/aspire-skills
  content_hash: sha256:b197bd66cf349710e6cd8d6fb6fa4d0da2e1c065e8a2889a7955d5948ba327e8
- kind: project-relative
  target: codex
  value: .agents/skills/aspireify/references/service-defaults.md
  runtime: null
  scope: project
  owners:
  - microsoft/aspire-skills
  active_owner: microsoft/aspire-skills
  content_hash: sha256:2c9e616a02305e06c9e5704615890032c3249bc0ee20772ecba762bf6890c3eb
- kind: project-relative
  target: codex
  value: .agents/skills/aspireify/references/typescript-authoring.md
  runtime: null
  scope: project
  owners:
  - microsoft/aspire-skills
  active_owner: microsoft/aspire-skills
  content_hash: sha256:85f97bbeec2b303a1421ec63acff537abfb15140853b759189c5697495393254
- kind: project-relative
  target: codex
  value: .agents/skills/aspireify/references/validation.md
  runtime: null
  scope: project
  owners:
  - microsoft/aspire-skills
  active_owner: microsoft/aspire-skills
  content_hash: sha256:f1035d891f022e376b5b61d5f05fddaf9e6d31f698b0cd544493101e882f91f8
- kind: uri
  target: mcp
  value: aspire
  runtime: claude
  scope: project
  owners:
  - .
  active_owner: .
  content_hash: null
- kind: uri
  target: mcp
  value: moon
  runtime: claude
  scope: project
  owners:
  - .
  active_owner: .
  content_hash: null
- kind: uri
  target: mcp
  value: aspire
  runtime: codex
  scope: project
  owners:
  - .
  active_owner: .
  content_hash: null
- kind: uri
  target: mcp
  value: moon
  runtime: codex
  scope: project
  owners:
  - .
  active_owner: .
  content_hash: null
mcp_servers:
- aspire
- moon
mcp_configs:
  aspire:
    name: aspire
    transport: stdio
    args:
    - agent
    - mcp
    registry: false
    command: aspire
  moon:
    name: moon
    transport: stdio
    env:
      MOON_WORKSPACE_ROOT: .
    args:
    - mcp
    registry: false
    command: moon
mcp_target_servers:
  claude:
  - aspire
  - moon
  codex:
  - aspire
  - moon
